{
  "name": "node-base",
  "version": "1.0.0",
  "lockfileVersion": 1,
  "requires": true,
  "dependencies": {
    "chance": {
      "version": "1.0.12",
      "resolved": "https://registry.npmjs.org/chance/-/chance-1.0.12.tgz",
      "integrity": "sha512-W99uMuboG5CT1iToDmizEH6yQYqICzZnrSRbbXPuJErzFWLPaoiEDvwnKbESjDo/8st1n3pyh70VBMmfqPmf+Q=="
    },
    "moment": {
      "version": "2.19.1",
      "resolved": "https://registry.npmjs.org/moment/-/moment-2.19.1.tgz",
      "integrity": "sha1-VtoaLRy/AdOLfhr8McELz6GSkWc="
    },
    "tv4": {
      "version": "1.3.0",
      "resolved": "https://registry.npmjs.org/tv4/-/tv4-1.3.0.tgz",
      "integrity": "sha1-0CDIRvrdUMhVq7JeuuzGj8EPeWM="
    },
    "tv4-formats": {
      "version": "3.0.3",
      "resolved": "https://registry.npmjs.org/tv4-formats/-/tv4-formats-3.0.3.tgz",
      "integrity": "sha1-a3l43S3IqjnQrCWU3dtvbAy/2SE=",
      "requires": {
        "moment": "2.19.1",
        "validator": "8.2.0"
      }
    },
    "validator": {
      "version": "8.2.0",
      "resolved": "https://registry.npmjs.org/validator/-/validator-8.2.0.tgz",
      "integrity": "sha512-Yw5wW34fSv5spzTXNkokD6S6/Oq92d8q/t14TqsS3fAiA1RYnxSFSIZ+CY3n6PGGRCq5HhJTSepQvFUS2QUDxA=="
    }
  }
}
